{
  "lockfileVersion": 1,
  "dependencies": {
    "ipfinder": {
      "version": "1.0.3",
      "resolved": "https://registry.npmjs.org/ipfinder/-/ipfinder-1.0.3.tgz",
      "integrity": "sha512-UmIDKcJvkNKyRPn1fnRrIEMNecvVa0+v0ysLgV0sZSFh6O66rt5g3oNYJFnpDBfKZXdH2k6ETEq5+ButfPRJuw=="
    },
    "node-fetch": {
      "version": "2.6.0",
      "resolved": "https://registry.npmjs.org/node-fetch/-/node-fetch-2.6.0.tgz",
      "integrity": "sha512-8dG4H5ujfvFiqDmVu9fQ5bOHUC15JMjMY/Zumv26oOvvVJjM67KF8koCWIabKQ1GJIa9r2mMZscBq/TbdOcmNA=="
    }
  }
}
